
Microsoft Visual Studio Solution File, Format Version 12.00
# Visual Studio 15
VisualStudioVersion = 15.0.26124.0
MinimumVisualStudioVersion = 15.0.26124.0
Project("{2150E333-8FDC-42A3-9474-1A3956D46DE8}") = "src", "src", "{1C1BF83B-F579-42BD-A940-D28EB9EBC887}"
EndProject
Project("{FAE04EC0-301F-11D3-BF4B-00C04F79EFBC}") = "NetCoreIoCAutoRegister", "src\NetCoreIoCAutoRegister\NetCoreIoCAutoRegister.csproj", "{30B704B0-6AEC-4D4E-AF13-B7BD74B12854}"
EndProject
Project("{2150E333-8FDC-42A3-9474-1A3956D46DE8}") = "demo", "demo", "{B8EF164B-8C2D-4B08-82EE-7A0FDFA8FAAF}"
EndProject
Project("{FAE04EC0-301F-11D3-BF4B-00C04F79EFBC}") = "NetCoreIoCAutoRegister.Demo", "demo\NetCoreIoCAutoRegister.Demo\NetCoreIoCAutoRegister.Demo.csproj", "{C7FBD2A4-678C-47EB-9123-15028FD465D0}"
EndProject
Project("{2150E333-8FDC-42A3-9474-1A3956D46DE8}") = "tests", "tests", "{9B7CED2A-D2D2-4110-95FE-7484A8DA19DD}"
EndProject
Project("{FAE04EC0-301F-11D3-BF4B-00C04F79EFBC}") = "NetCoreIoCAutoRegister.UnitTests", "tests\NetCoreIoCAutoRegister.UnitTests\NetCoreIoCAutoRegister.UnitTests.csproj", "{0A20CC27-1861-410E-9287-A65A89C78AD3}"
EndProject
Global
	GlobalSection(SolutionConfigurationPlatforms) = preSolution
		Debug|Any CPU = Debug|Any CPU
		Debug|x64 = Debug|x64
		Debug|x86 = Debug|x86
		Release|Any CPU = Release|Any CPU
		Release|x64 = Release|x64
		Release|x86 = Release|x86
	EndGlobalSection
	GlobalSection(SolutionProperties) = preSolution
		HideSolutionNode = FALSE
	EndGlobalSection
	GlobalSection(ProjectConfigurationPlatforms) = postSolution
		{30B704B0-6AEC-4D4E-AF13-B7BD74B12854}.Debug|Any CPU.ActiveCfg = Debug|Any CPU
		{30B704B0-6AEC-4D4E-AF13-B7BD74B12854}.Debug|Any CPU.Build.0 = Debug|Any CPU
		{30B704B0-6AEC-4D4E-AF13-B7BD74B12854}.Debug|x64.ActiveCfg = Debug|Any CPU
		{30B704B0-6AEC-4D4E-AF13-B7BD74B12854}.Debug|x64.Build.0 = Debug|Any CPU
		{30B704B0-6AEC-4D4E-AF13-B7BD74B12854}.Debug|x86.ActiveCfg = Debug|Any CPU
		{30B704B0-6AEC-4D4E-AF13-B7BD74B12854}.Debug|x86.Build.0 = Debug|Any CPU
		{30B704B0-6AEC-4D4E-AF13-B7BD74B12854}.Release|Any CPU.ActiveCfg = Release|Any CPU
		{30B704B0-6AEC-4D4E-AF13-B7BD74B12854}.Release|Any CPU.Build.0 = Release|Any CPU
		{30B704B0-6AEC-4D4E-AF13-B7BD74B12854}.Release|x64.ActiveCfg = Release|Any CPU
		{30B704B0-6AEC-4D4E-AF13-B7BD74B12854}.Release|x64.Build.0 = Release|Any CPU
		{30B704B0-6AEC-4D4E-AF13-B7BD74B12854}.Release|x86.ActiveCfg = Release|Any CPU
		{30B704B0-6AEC-4D4E-AF13-B7BD74B12854}.Release|x86.Build.0 = Release|Any CPU
		{C7FBD2A4-678C-47EB-9123-15028FD465D0}.Debug|Any CPU.ActiveCfg = Debug|Any CPU
		{C7FBD2A4-678C-47EB-9123-15028FD465D0}.Debug|Any CPU.Build.0 = Debug|Any CPU
		{C7FBD2A4-678C-47EB-9123-15028FD465D0}.Debug|x64.ActiveCfg = Debug|Any CPU
		{C7FBD2A4-678C-47EB-9123-15028FD465D0}.Debug|x64.Build.0 = Debug|Any CPU
		{C7FBD2A4-678C-47EB-9123-15028FD465D0}.Debug|x86.ActiveCfg = Debug|Any CPU
		{C7FBD2A4-678C-47EB-9123-15028FD465D0}.Debug|x86.Build.0 = Debug|Any CPU
		{C7FBD2A4-678C-47EB-9123-15028FD465D0}.Release|Any CPU.ActiveCfg = Release|Any CPU
		{C7FBD2A4-678C-47EB-9123-15028FD465D0}.Release|Any CPU.Build.0 = Release|Any CPU
		{C7FBD2A4-678C-47EB-9123-15028FD465D0}.Release|x64.ActiveCfg = Release|Any CPU
		{C7FBD2A4-678C-47EB-9123-15028FD465D0}.Release|x64.Build.0 = Release|Any CPU
		{C7FBD2A4-678C-47EB-9123-15028FD465D0}.Release|x86.ActiveCfg = Release|Any CPU
		{C7FBD2A4-678C-47EB-9123-15028FD465D0}.Release|x86.Build.0 = Release|Any CPU
		{0A20CC27-1861-410E-9287-A65A89C78AD3}.Debug|Any CPU.ActiveCfg = Debug|Any CPU
		{0A20CC27-1861-410E-9287-A65A89C78AD3}.Debug|Any CPU.Build.0 = Debug|Any CPU
		{0A20CC27-1861-410E-9287-A65A89C78AD3}.Debug|x64.ActiveCfg = Debug|Any CPU
		{0A20CC27-1861-410E-9287-A65A89C78AD3}.Debug|x64.Build.0 = Debug|Any CPU
		{0A20CC27-1861-410E-9287-A65A89C78AD3}.Debug|x86.ActiveCfg = Debug|Any CPU
		{0A20CC27-1861-410E-9287-A65A89C78AD3}.Debug|x86.Build.0 = Debug|Any CPU
		{0A20CC27-1861-410E-9287-A65A89C78AD3}.Release|Any CPU.ActiveCfg = Release|Any CPU
		{0A20CC27-1861-410E-9287-A65A89C78AD3}.Release|Any CPU.Build.0 = Release|Any CPU
		{0A20CC27-1861-410E-9287-A65A89C78AD3}.Release|x64.ActiveCfg = Release|Any CPU
		{0A20CC27-1861-410E-9287-A65A89C78AD3}.Release|x64.Build.0 = Release|Any CPU
		{0A20CC27-1861-410E-9287-A65A89C78AD3}.Release|x86.ActiveCfg = Release|Any CPU
		{0A20CC27-1861-410E-9287-A65A89C78AD3}.Release|x86.Build.0 = Release|Any CPU
	EndGlobalSection
	GlobalSection(NestedProjects) = preSolution
		{30B704B0-6AEC-4D4E-AF13-B7BD74B12854} = {1C1BF83B-F579-42BD-A940-D28EB9EBC887}
		{C7FBD2A4-678C-47EB-9123-15028FD465D0} = {B8EF164B-8C2D-4B08-82EE-7A0FDFA8FAAF}
		{0A20CC27-1861-410E-9287-A65A89C78AD3} = {9B7CED2A-D2D2-4110-95FE-7484A8DA19DD}
	EndGlobalSection
EndGlobal
